
Microsoft Visual Studio Solution File, Format Version 12.00
# Visual Studio Version 17
VisualStudioVersion = 17.12.35728.132 d17.12
MinimumVisualStudioVersion = 10.0.40219.1
Project("{FAE04EC0-301F-11D3-BF4B-00C04F79EFBC}") = "Arboles_De_Busqueda_Binaria", "Arboles_De_Busqueda_Binaria\Arboles_De_Busqueda_Binaria.csproj", "{38A1878A-AD73-4003-9302-A3AC2B71242D}"
EndProject
Global
	GlobalSection(SolutionConfigurationPlatforms) = preSolution
		Debug|Any CPU = Debug|Any CPU
		Release|Any CPU = Release|Any CPU
	EndGlobalSection
	GlobalSection(ProjectConfigurationPlatforms) = postSolution
		{38A1878A-AD73-4003-9302-A3AC2B71242D}.Debug|Any CPU.ActiveCfg = Debug|Any CPU
		{38A1878A-AD73-4003-9302-A3AC2B71242D}.Debug|Any CPU.Build.0 = Debug|Any CPU
		{38A1878A-AD73-4003-9302-A3AC2B71242D}.Release|Any CPU.ActiveCfg = Release|Any CPU
		{38A1878A-AD73-4003-9302-A3AC2B71242D}.Release|Any CPU.Build.0 = Release|Any CPU
	EndGlobalSection
	GlobalSection(SolutionProperties) = preSolution
		HideSolutionNode = FALSE
	EndGlobalSection
EndGlobal
